// !$*UTF8*$!
{
	archiveVersion = 1;
	classes = {
	};
	objectVersion = 54;
	objects = {

/* Begin PBXBuildFile section */
		E9166B1D2BC96E9C00A06EFE /* SnapKit in Frameworks */ = {isa = PBXBuildFile; productRef = E9166B1C2BC96E9C00A06EFE /* SnapKit */; };
		E9166B1F2BC96E9C00A06EFE /* SnapKit-Dynamic in Frameworks */ = {isa = PBXBuildFile; productRef = E9166B1E2BC96E9C00A06EFE /* SnapKit-Dynamic */; };
		E9166B222BC96EAB00A06EFE /* Then in Frameworks */ = {isa = PBXBuildFile; productRef = E9166B212BC96EAB00A06EFE /* Then */; };
		E9166B242BC971BA00A06EFE /* UIView+Extension.swift in Sources */ = {isa = PBXBuildFile; fileRef = E9166B232BC971BA00A06EFE /* UIView+Extension.swift */; };
		E9AA781526E262E80011E01D /* Localizable.strings in Resources */ = {isa = PBXBuildFile; fileRef = E9AA781726E262E80011E01D /* Localizable.strings */; };
		E9AA781B26E263120011E01D /* UIViewController+Extension.swift in Sources */ = {isa = PBXBuildFile; fileRef = E9AA781A26E263120011E01D /* UIViewController+Extension.swift */; };
		E9AA781D26E263310011E01D /* String+Extension.swift in Sources */ = {isa = PBXBuildFile; fileRef = E9AA781C26E263310011E01D /* String+Extension.swift */; };
		E9AA782126E2666B0011E01D /* ReuseViewIdentifierable.swift in Sources */ = {isa = PBXBuildFile; fileRef = E9AA782026E2666B0011E01D /* ReuseViewIdentifierable.swift */; };
		E9AA782426E266CC0011E01D /* ColorName.swift in Sources */ = {isa = PBXBuildFile; fileRef = E9AA782326E266CC0011E01D /* ColorName.swift */; };
		E9AA782626E266E70011E01D /* ViewControllerFromStoryBoard.swift in Sources */ = {isa = PBXBuildFile; fileRef = E9AA782526E266E70011E01D /* ViewControllerFromStoryBoard.swift */; };
		E9AA782826E2670D0011E01D /* DBManager.swift in Sources */ = {isa = PBXBuildFile; fileRef = E9AA782726E2670D0011E01D /* DBManager.swift */; };
		E9AA782E26E4D2340011E01D /* Intro.storyboard in Resources */ = {isa = PBXBuildFile; fileRef = E9AA782D26E4D2340011E01D /* Intro.storyboard */; };
		E9AA783026E4D23F0011E01D /* IntroViewController.swift in Sources */ = {isa = PBXBuildFile; fileRef = E9AA782F26E4D23F0011E01D /* IntroViewController.swift */; };
		E9AA783426E4D3270011E01D /* Log.swift in Sources */ = {isa = PBXBuildFile; fileRef = E9AA783326E4D3270011E01D /* Log.swift */; };
		E9AA783726E7367A0011E01D /* CalendarCell.swift in Sources */ = {isa = PBXBuildFile; fileRef = E9AA783626E7367A0011E01D /* CalendarCell.swift */; };
		E9AA783926E736850011E01D /* CalendarMenuReusableView.swift in Sources */ = {isa = PBXBuildFile; fileRef = E9AA783826E736850011E01D /* CalendarMenuReusableView.swift */; };
		E9DE230426DFCD6C00FB05D0 /* AppDelegate.swift in Sources */ = {isa = PBXBuildFile; fileRef = E9DE230326DFCD6C00FB05D0 /* AppDelegate.swift */; };
		E9DE230626DFCD6C00FB05D0 /* SceneDelegate.swift in Sources */ = {isa = PBXBuildFile; fileRef = E9DE230526DFCD6C00FB05D0 /* SceneDelegate.swift */; };
		E9DE230826DFCD6C00FB05D0 /* MainViewController.swift in Sources */ = {isa = PBXBuildFile; fileRef = E9DE230726DFCD6C00FB05D0 /* MainViewController.swift */; };
		E9DE230E26DFCD6C00FB05D0 /* JHTicket.xcdatamodeld in Sources */ = {isa = PBXBuildFile; fileRef = E9DE230C26DFCD6C00FB05D0 /* JHTicket.xcdatamodeld */; };
		E9DE231026DFCD6E00FB05D0 /* Assets.xcassets in Resources */ = {isa = PBXBuildFile; fileRef = E9DE230F26DFCD6E00FB05D0 /* Assets.xcassets */; };
		E9DE231326DFCD6E00FB05D0 /* LaunchScreen.storyboard in Resources */ = {isa = PBXBuildFile; fileRef = E9DE231126DFCD6E00FB05D0 /* LaunchScreen.storyboard */; };
/* End PBXBuildFile section */

/* Begin PBXFileReference section */
		E9166B232BC971BA00A06EFE /* UIView+Extension.swift */ = {isa = PBXFileReference; lastKnownFileType = sourcecode.swift; path = "UIView+Extension.swift"; sourceTree = "<group>"; };
		E9AA781626E262E80011E01D /* ko */ = {isa = PBXFileReference; lastKnownFileType = text.plist.strings; name = ko; path = ko.lproj/Localizable.strings; sourceTree = "<group>"; };
		E9AA781826E262EB0011E01D /* en */ = {isa = PBXFileReference; lastKnownFileType = text.plist.strings; name = en; path = en.lproj/Localizable.strings; sourceTree = "<group>"; };
		E9AA781A26E263120011E01D /* UIViewController+Extension.swift */ = {isa = PBXFileReference; lastKnownFileType = sourcecode.swift; path = "UIViewController+Extension.swift"; sourceTree = "<group>"; };
		E9AA781C26E263310011E01D /* String+Extension.swift */ = {isa = PBXFileReference; lastKnownFileType = sourcecode.swift; path = "String+Extension.swift"; sourceTree = "<group>"; };
		E9AA782026E2666B0011E01D /* ReuseViewIdentifierable.swift */ = {isa = PBXFileReference; lastKnownFileType = sourcecode.swift; path = ReuseViewIdentifierable.swift; sourceTree = "<group>"; };
		E9AA782326E266CC0011E01D /* ColorName.swift */ = {isa = PBXFileReference; lastKnownFileType = sourcecode.swift; path = ColorName.swift; sourceTree = "<group>"; };
		E9AA782526E266E70011E01D /* ViewControllerFromStoryBoard.swift */ = {isa = PBXFileReference; lastKnownFileType = sourcecode.swift; path = ViewControllerFromStoryBoard.swift; sourceTree = "<group>"; };
		E9AA782726E2670D0011E01D /* DBManager.swift */ = {isa = PBXFileReference; lastKnownFileType = sourcecode.swift; path = DBManager.swift; sourceTree = "<group>"; };
		E9AA782D26E4D2340011E01D /* Intro.storyboard */ = {isa = PBXFileReference; lastKnownFileType = file.storyboard; path = Intro.storyboard; sourceTree = "<group>"; };
		E9AA782F26E4D23F0011E01D /* IntroViewController.swift */ = {isa = PBXFileReference; lastKnownFileType = sourcecode.swift; path = IntroViewController.swift; sourceTree = "<group>"; };
		E9AA783326E4D3270011E01D /* Log.swift */ = {isa = PBXFileReference; lastKnownFileType = sourcecode.swift; path = Log.swift; sourceTree = "<group>"; };
		E9AA783626E7367A0011E01D /* CalendarCell.swift */ = {isa = PBXFileReference; lastKnownFileType = sourcecode.swift; path = CalendarCell.swift; sourceTree = "<group>"; };
		E9AA783826E736850011E01D /* CalendarMenuReusableView.swift */ = {isa = PBXFileReference; lastKnownFileType = sourcecode.swift; path = CalendarMenuReusableView.swift; sourceTree = "<group>"; };
		E9DE230026DFCD6C00FB05D0 /* JHTicket.app */ = {isa = PBXFileReference; explicitFileType = wrapper.application; includeInIndex = 0; path = JHTicket.app; sourceTree = BUILT_PRODUCTS_DIR; };
		E9DE230326DFCD6C00FB05D0 /* AppDelegate.swift */ = {isa = PBXFileReference; lastKnownFileType = sourcecode.swift; path = AppDelegate.swift; sourceTree = "<group>"; };
		E9DE230526DFCD6C00FB05D0 /* SceneDelegate.swift */ = {isa = PBXFileReference; lastKnownFileType = sourcecode.swift; path = SceneDelegate.swift; sourceTree = "<group>"; };
		E9DE230726DFCD6C00FB05D0 /* MainViewController.swift */ = {isa = PBXFileReference; lastKnownFileType = sourcecode.swift; path = MainViewController.swift; sourceTree = "<group>"; };
		E9DE230D26DFCD6C00FB05D0 /* JHTicket.xcdatamodel */ = {isa = PBXFileReference; lastKnownFileType = wrapper.xcdatamodel; path = JHTicket.xcdatamodel; sourceTree = "<group>"; };
		E9DE230F26DFCD6E00FB05D0 /* Assets.xcassets */ = {isa = PBXFileReference; lastKnownFileType = folder.assetcatalog; path = Assets.xcassets; sourceTree = "<group>"; };
		E9DE231226DFCD6E00FB05D0 /* Base */ = {isa = PBXFileReference; lastKnownFileType = file.storyboard; name = Base; path = Base.lproj/LaunchScreen.storyboard; sourceTree = "<group>"; };
		E9DE231426DFCD6E00FB05D0 /* Info.plist */ = {isa = PBXFileReference; lastKnownFileType = text.plist.xml; path = Info.plist; sourceTree = "<group>"; };
/* End PBXFileReference section */

/* Begin PBXFrameworksBuildPhase section */
		E9DE22FD26DFCD6C00FB05D0 /* Frameworks */ = {
			isa = PBXFrameworksBuildPhase;
			buildActionMask = 2147483647;
			files = (
				E9166B1D2BC96E9C00A06EFE /* SnapKit in Frameworks */,
				E9166B222BC96EAB00A06EFE /* Then in Frameworks */,
				E9166B1F2BC96E9C00A06EFE /* SnapKit-Dynamic in Frameworks */,
			);
			runOnlyForDeploymentPostprocessing = 0;
		};
/* End PBXFrameworksBuildPhase section */

/* Begin PBXGroup section */
		E9166B252BC98D7F00A06EFE /* Custom View */ = {
			isa = PBXGroup;
			children = (
				E9AA783826E736850011E01D /* CalendarMenuReusableView.swift */,
			);
			path = "Custom View";
			sourceTree = "<group>";
		};
		E9AA780C26E2625D0011E01D /* Common */ = {
			isa = PBXGroup;
			children = (
				E9AA782026E2666B0011E01D /* ReuseViewIdentifierable.swift */,
				E9AA782526E266E70011E01D /* ViewControllerFromStoryBoard.swift */,
				E9AA783326E4D3270011E01D /* Log.swift */,
			);
			path = Common;
			sourceTree = "<group>";
		};
		E9AA780D26E262650011E01D /* Supporting Files */ = {
			isa = PBXGroup;
			children = (
				E9DE231426DFCD6E00FB05D0 /* Info.plist */,
				E9DE230F26DFCD6E00FB05D0 /* Assets.xcassets */,
				E9DE231126DFCD6E00FB05D0 /* LaunchScreen.storyboard */,
				E9AA781726E262E80011E01D /* Localizable.strings */,
			);
			path = "Supporting Files";
			sourceTree = "<group>";
		};
		E9AA780E26E2626E0011E01D /* Utils */ = {
			isa = PBXGroup;
			children = (
				E9AA782226E266C00011E01D /* Theme */,
				E9AA781926E263000011E01D /* Extension */,
			);
			path = Utils;
			sourceTree = "<group>";
		};
		E9AA780F26E262730011E01D /* Views */ = {
			isa = PBXGroup;
			children = (
				E9AA782C26E4D2250011E01D /* Intro */,
				E9AA782B26E4D2200011E01D /* Common */,
				E9AA782A26E267220011E01D /* Main */,
			);
			path = Views;
			sourceTree = "<group>";
		};
		E9AA781026E262780011E01D /* DataBase */ = {
			isa = PBXGroup;
			children = (
				E9DE230C26DFCD6C00FB05D0 /* JHTicket.xcdatamodeld */,
				E9AA782726E2670D0011E01D /* DBManager.swift */,
			);
			path = DataBase;
			sourceTree = "<group>";
		};
		E9AA781926E263000011E01D /* Extension */ = {
			isa = PBXGroup;
			children = (
				E9AA781A26E263120011E01D /* UIViewController+Extension.swift */,
				E9AA781C26E263310011E01D /* String+Extension.swift */,
				E9166B232BC971BA00A06EFE /* UIView+Extension.swift */,
			);
			path = Extension;
			sourceTree = "<group>";
		};
		E9AA782226E266C00011E01D /* Theme */ = {
			isa = PBXGroup;
			children = (
				E9AA782326E266CC0011E01D /* ColorName.swift */,
			);
			path = Theme;
			sourceTree = "<group>";
		};
		E9AA782A26E267220011E01D /* Main */ = {
			isa = PBXGroup;
			children = (
				E9166B252BC98D7F00A06EFE /* Custom View */,
				E9AA783526E7366A0011E01D /* Custom Cell */,
				E9DE230726DFCD6C00FB05D0 /* MainViewController.swift */,
			);
			path = Main;
			sourceTree = "<group>";
		};
		E9AA782B26E4D2200011E01D /* Common */ = {
			isa = PBXGroup;
			children = (
			);
			path = Common;
			sourceTree = "<group>";
		};
		E9AA782C26E4D2250011E01D /* Intro */ = {
			isa = PBXGroup;
			children = (
				E9AA782D26E4D2340011E01D /* Intro.storyboard */,
				E9AA782F26E4D23F0011E01D /* IntroViewController.swift */,
			);
			path = Intro;
			sourceTree = "<group>";
		};
		E9AA783526E7366A0011E01D /* Custom Cell */ = {
			isa = PBXGroup;
			children = (
				E9AA783626E7367A0011E01D /* CalendarCell.swift */,
			);
			path = "Custom Cell";
			sourceTree = "<group>";
		};
		E9DE22F726DFCD6C00FB05D0 = {
			isa = PBXGroup;
			children = (
				E9DE230226DFCD6C00FB05D0 /* JHTicket */,
				E9DE230126DFCD6C00FB05D0 /* Products */,
			);
			sourceTree = "<group>";
		};
		E9DE230126DFCD6C00FB05D0 /* Products */ = {
			isa = PBXGroup;
			children = (
				E9DE230026DFCD6C00FB05D0 /* JHTicket.app */,
			);
			name = Products;
			sourceTree = "<group>";
		};
		E9DE230226DFCD6C00FB05D0 /* JHTicket */ = {
			isa = PBXGroup;
			children = (
				E9AA780C26E2625D0011E01D /* Common */,
				E9AA781026E262780011E01D /* DataBase */,
				E9AA780F26E262730011E01D /* Views */,
				E9AA780E26E2626E0011E01D /* Utils */,
				E9AA780D26E262650011E01D /* Supporting Files */,
				E9DE230326DFCD6C00FB05D0 /* AppDelegate.swift */,
				E9DE230526DFCD6C00FB05D0 /* SceneDelegate.swift */,
			);
			path = JHTicket;
			sourceTree = "<group>";
		};
/* End PBXGroup section */

/* Begin PBXNativeTarget section */
		E9DE22FF26DFCD6C00FB05D0 /* JHTicket */ = {
			isa = PBXNativeTarget;
			buildConfigurationList = E9DE231726DFCD6E00FB05D0 /* Build configuration list for PBXNativeTarget "JHTicket" */;
			buildPhases = (
				E9DE22FC26DFCD6C00FB05D0 /* Sources */,
				E9DE22FD26DFCD6C00FB05D0 /* Frameworks */,
				E9DE22FE26DFCD6C00FB05D0 /* Resources */,
			);
			buildRules = (
			);
			dependencies = (
			);
			name = JHTicket;
			packageProductDependencies = (
				E9166B1C2BC96E9C00A06EFE /* SnapKit */,
				E9166B1E2BC96E9C00A06EFE /* SnapKit-Dynamic */,
				E9166B212BC96EAB00A06EFE /* Then */,
			);
			productName = JHTicket;
			productReference = E9DE230026DFCD6C00FB05D0 /* JHTicket.app */;
			productType = "com.apple.product-type.application";
		};
/* End PBXNativeTarget section */

/* Begin PBXProject section */
		E9DE22F826DFCD6C00FB05D0 /* Project object */ = {
			isa = PBXProject;
			attributes = {
				LastSwiftUpdateCheck = 1250;
				LastUpgradeCheck = 1250;
				TargetAttributes = {
					E9DE22FF26DFCD6C00FB05D0 = {
						CreatedOnToolsVersion = 12.5.1;
					};
				};
			};
			buildConfigurationList = E9DE22FB26DFCD6C00FB05D0 /* Build configuration list for PBXProject "JHTicket" */;
			compatibilityVersion = "Xcode 9.3";
			developmentRegion = en;
			hasScannedForEncodings = 0;
			knownRegions = (
				en,
				Base,
				ko,
			);
			mainGroup = E9DE22F726DFCD6C00FB05D0;
			packageReferences = (
				E9166B1B2BC96E9C00A06EFE /* XCRemoteSwiftPackageReference "SnapKit" */,
				E9166B202BC96EAB00A06EFE /* XCRemoteSwiftPackageReference "Then" */,
			);
			productRefGroup = E9DE230126DFCD6C00FB05D0 /* Products */;
			projectDirPath = "";
			projectRoot = "";
			targets = (
				E9DE22FF26DFCD6C00FB05D0 /* JHTicket */,
			);
		};
/* End PBXProject section */

/* Begin PBXResourcesBuildPhase section */
		E9DE22FE26DFCD6C00FB05D0 /* Resources */ = {
			isa = PBXResourcesBuildPhase;
			buildActionMask = 2147483647;
			files = (
				E9DE231326DFCD6E00FB05D0 /* LaunchScreen.storyboard in Resources */,
				E9AA781526E262E80011E01D /* Localizable.strings in Resources */,
				E9DE231026DFCD6E00FB05D0 /* Assets.xcassets in Resources */,
				E9AA782E26E4D2340011E01D /* Intro.storyboard in Resources */,
			);
			runOnlyForDeploymentPostprocessing = 0;
		};
/* End PBXResourcesBuildPhase section */

/* Begin PBXSourcesBuildPhase section */
		E9DE22FC26DFCD6C00FB05D0 /* Sources */ = {
			isa = PBXSourcesBuildPhase;
			buildActionMask = 2147483647;
			files = (
				E9AA783926E736850011E01D /* CalendarMenuReusableView.swift in Sources */,
				E9DE230826DFCD6C00FB05D0 /* MainViewController.swift in Sources */,
				E9DE230426DFCD6C00FB05D0 /* AppDelegate.swift in Sources */,
				E9AA782126E2666B0011E01D /* ReuseViewIdentifierable.swift in Sources */,
				E9AA783726E7367A0011E01D /* CalendarCell.swift in Sources */,
				E9AA783026E4D23F0011E01D /* IntroViewController.swift in Sources */,
				E9166B242BC971BA00A06EFE /* UIView+Extension.swift in Sources */,
				E9AA782426E266CC0011E01D /* ColorName.swift in Sources */,
				E9DE230626DFCD6C00FB05D0 /* SceneDelegate.swift in Sources */,
				E9AA783426E4D3270011E01D /* Log.swift in Sources */,
				E9AA781B26E263120011E01D /* UIViewController+Extension.swift in Sources */,
				E9AA782626E266E70011E01D /* ViewControllerFromStoryBoard.swift in Sources */,
				E9AA781D26E263310011E01D /* String+Extension.swift in Sources */,
				E9DE230E26DFCD6C00FB05D0 /* JHTicket.xcdatamodeld in Sources */,
				E9AA782826E2670D0011E01D /* DBManager.swift in Sources */,
			);
			runOnlyForDeploymentPostprocessing = 0;
		};
/* End PBXSourcesBuildPhase section */

/* Begin PBXVariantGroup section */
		E9AA781726E262E80011E01D /* Localizable.strings */ = {
			isa = PBXVariantGroup;
			children = (
				E9AA781626E262E80011E01D /* ko */,
				E9AA781826E262EB0011E01D /* en */,
			);
			name = Localizable.strings;
			sourceTree = "<group>";
		};
		E9DE231126DFCD6E00FB05D0 /* LaunchScreen.storyboard */ = {
			isa = PBXVariantGroup;
			children = (
				E9DE231226DFCD6E00FB05D0 /* Base */,
			);
			name = LaunchScreen.storyboard;
			sourceTree = "<group>";
		};
/* End PBXVariantGroup section */

/* Begin XCBuildConfiguration section */
		E9DE231526DFCD6E00FB05D0 /* Debug */ = {
			isa = XCBuildConfiguration;
			buildSettings = {
				ALWAYS_SEARCH_USER_PATHS = NO;
				CLANG_ANALYZER_LOCALIZABILITY_NONLOCALIZED = YES;
				CLANG_ANALYZER_NONNULL = YES;
				CLANG_ANALYZER_NUMBER_OBJECT_CONVERSION = YES_AGGRESSIVE;
				CLANG_CXX_LANGUAGE_STANDARD = "gnu++14";
				CLANG_CXX_LIBRARY = "libc++";
				CLANG_ENABLE_MODULES = YES;
				CLANG_ENABLE_OBJC_ARC = YES;
				CLANG_ENABLE_OBJC_WEAK = YES;
				CLANG_WARN_BLOCK_CAPTURE_AUTORELEASING = YES;
				CLANG_WARN_BOOL_CONVERSION = YES;
				CLANG_WARN_COMMA = YES;
				CLANG_WARN_CONSTANT_CONVERSION = YES;
				CLANG_WARN_DEPRECATED_OBJC_IMPLEMENTATIONS = YES;
				CLANG_WARN_DIRECT_OBJC_ISA_USAGE = YES_ERROR;
				CLANG_WARN_DOCUMENTATION_COMMENTS = YES;
				CLANG_WARN_EMPTY_BODY = YES;
				CLANG_WARN_ENUM_CONVERSION = YES;
				CLANG_WARN_INFINITE_RECURSION = YES;
				CLANG_WARN_INT_CONVERSION = YES;
				CLANG_WARN_NON_LITERAL_NULL_CONVERSION = YES;
				CLANG_WARN_OBJC_IMPLICIT_RETAIN_SELF = YES;
				CLANG_WARN_OBJC_LITERAL_CONVERSION = YES;
				CLANG_WARN_OBJC_ROOT_CLASS = YES_ERROR;
				CLANG_WARN_QUOTED_INCLUDE_IN_FRAMEWORK_HEADER = YES;
				CLANG_WARN_RANGE_LOOP_ANALYSIS = YES;
				CLANG_WARN_STRICT_PROTOTYPES = YES;
				CLANG_WARN_SUSPICIOUS_MOVE = YES;
				CLANG_WARN_UNGUARDED_AVAILABILITY = YES_AGGRESSIVE;
				CLANG_WARN_UNREACHABLE_CODE = YES;
				CLANG_WARN__DUPLICATE_METHOD_MATCH = YES;
				COPY_PHASE_STRIP = NO;
				DEBUG_INFORMATION_FORMAT = dwarf;
				ENABLE_STRICT_OBJC_MSGSEND = YES;
				ENABLE_TESTABILITY = YES;
				GCC_C_LANGUAGE_STANDARD = gnu11;
				GCC_DYNAMIC_NO_PIC = NO;
				GCC_NO_COMMON_BLOCKS = YES;
				GCC_OPTIMIZATION_LEVEL = 0;
				GCC_PREPROCESSOR_DEFINITIONS = (
					"DEBUG=1",
					"$(inherited)",
				);
				GCC_WARN_64_TO_32_BIT_CONVERSION = YES;
				GCC_WARN_ABOUT_RETURN_TYPE = YES_ERROR;
				GCC_WARN_UNDECLARED_SELECTOR = YES;
				GCC_WARN_UNINITIALIZED_AUTOS = YES_AGGRESSIVE;
				GCC_WARN_UNUSED_FUNCTION = YES;
				GCC_WARN_UNUSED_VARIABLE = YES;
				IPHONEOS_DEPLOYMENT_TARGET = 13.0;
				MTL_ENABLE_DEBUG_INFO = INCLUDE_SOURCE;
				MTL_FAST_MATH = YES;
				ONLY_ACTIVE_ARCH = YES;
				SDKROOT = iphoneos;
				SWIFT_ACTIVE_COMPILATION_CONDITIONS = DEBUG;
				SWIFT_OPTIMIZATION_LEVEL = "-Onone";
			};
			name = Debug;
		};
		E9DE231626DFCD6E00FB05D0 /* Release */ = {
			isa = XCBuildConfiguration;
			buildSettings = {
				ALWAYS_SEARCH_USER_PATHS = NO;
				CLANG_ANALYZER_LOCALIZABILITY_NONLOCALIZED = YES;
				CLANG_ANALYZER_NONNULL = YES;
				CLANG_ANALYZER_NUMBER_OBJECT_CONVERSION = YES_AGGRESSIVE;
				CLANG_CXX_LANGUAGE_STANDARD = "gnu++14";
				CLANG_CXX_LIBRARY = "libc++";
				CLANG_ENABLE_MODULES = YES;
				CLANG_ENABLE_OBJC_ARC = YES;
				CLANG_ENABLE_OBJC_WEAK = YES;
				CLANG_WARN_BLOCK_CAPTURE_AUTORELEASING = YES;
				CLANG_WARN_BOOL_CONVERSION = YES;
				CLANG_WARN_COMMA = YES;
				CLANG_WARN_CONSTANT_CONVERSION = YES;
				CLANG_WARN_DEPRECATED_OBJC_IMPLEMENTATIONS = YES;
				CLANG_WARN_DIRECT_OBJC_ISA_USAGE = YES_ERROR;
				CLANG_WARN_DOCUMENTATION_COMMENTS = YES;
				CLANG_WARN_EMPTY_BODY = YES;
				CLANG_WARN_ENUM_CONVERSION = YES;
				CLANG_WARN_INFINITE_RECURSION = YES;
				CLANG_WARN_INT_CONVERSION = YES;
				CLANG_WARN_NON_LITERAL_NULL_CONVERSION = YES;
				CLANG_WARN_OBJC_IMPLICIT_RETAIN_SELF = YES;
				CLANG_WARN_OBJC_LITERAL_CONVERSION = YES;
				CLANG_WARN_OBJC_ROOT_CLASS = YES_ERROR;
				CLANG_WARN_QUOTED_INCLUDE_IN_FRAMEWORK_HEADER = YES;
				CLANG_WARN_RANGE_LOOP_ANALYSIS = YES;
				CLANG_WARN_STRICT_PROTOTYPES = YES;
				CLANG_WARN_SUSPICIOUS_MOVE = YES;
				CLANG_WARN_UNGUARDED_AVAILABILITY = YES_AGGRESSIVE;
				CLANG_WARN_UNREACHABLE_CODE = YES;
				CLANG_WARN__DUPLICATE_METHOD_MATCH = YES;
				COPY_PHASE_STRIP = NO;
				DEBUG_INFORMATION_FORMAT = "dwarf-with-dsym";
				ENABLE_NS_ASSERTIONS = NO;
				ENABLE_STRICT_OBJC_MSGSEND = YES;
				GCC_C_LANGUAGE_STANDARD = gnu11;
				GCC_NO_COMMON_BLOCKS = YES;
				GCC_WARN_64_TO_32_BIT_CONVERSION = YES;
				GCC_WARN_ABOUT_RETURN_TYPE = YES_ERROR;
				GCC_WARN_UNDECLARED_SELECTOR = YES;
				GCC_WARN_UNINITIALIZED_AUTOS = YES_AGGRESSIVE;
				GCC_WARN_UNUSED_FUNCTION = YES;
				GCC_WARN_UNUSED_VARIABLE = YES;
				IPHONEOS_DEPLOYMENT_TARGET = 13.0;
				MTL_ENABLE_DEBUG_INFO = NO;
				MTL_FAST_MATH = YES;
				SDKROOT = iphoneos;
				SWIFT_COMPILATION_MODE = wholemodule;
				SWIFT_OPTIMIZATION_LEVEL = "-O";
				VALIDATE_PRODUCT = YES;
			};
			name = Release;
		};
		E9DE231826DFCD6E00FB05D0 /* Debug */ = {
			isa = XCBuildConfiguration;
			buildSettings = {
				ASSETCATALOG_COMPILER_APPICON_NAME = AppIcon;
				ASSETCATALOG_COMPILER_GLOBAL_ACCENT_COLOR_NAME = AccentColor;
				CODE_SIGN_STYLE = Automatic;
				CURRENT_PROJECT_VERSION = 1.0.0;
				DEVELOPMENT_TEAM = 4U3LY873Q2;
				INFOPLIST_FILE = "JHTicket/Supporting Files/Info.plist";
				IPHONEOS_DEPLOYMENT_TARGET = 16.0;
				LD_RUNPATH_SEARCH_PATHS = (
					"$(inherited)",
					"@executable_path/Frameworks",
				);
				MARKETING_VERSION = 1.0.0;
				PRODUCT_BUNDLE_IDENTIFIER = jeehge.com.JHTicket;
				PRODUCT_NAME = "$(TARGET_NAME)";
				SUPPORTED_PLATFORMS = "iphoneos iphonesimulator";
				SUPPORTS_MACCATALYST = NO;
				SUPPORTS_MAC_DESIGNED_FOR_IPHONE_IPAD = NO;
				SUPPORTS_XR_DESIGNED_FOR_IPHONE_IPAD = NO;
				SWIFT_VERSION = 5.0;
				TARGETED_DEVICE_FAMILY = 1;
			};
			name = Debug;
		};
		E9DE231926DFCD6E00FB05D0 /* Release */ = {
			isa = XCBuildConfiguration;
			buildSettings = {
				ASSETCATALOG_COMPILER_APPICON_NAME = AppIcon;
				ASSETCATALOG_COMPILER_GLOBAL_ACCENT_COLOR_NAME = AccentColor;
				CODE_SIGN_STYLE = Automatic;
				CURRENT_PROJECT_VERSION = 1.0.0;
				DEVELOPMENT_TEAM = 4U3LY873Q2;
				INFOPLIST_FILE = "JHTicket/Supporting Files/Info.plist";
				IPHONEOS_DEPLOYMENT_TARGET = 16.0;
				LD_RUNPATH_SEARCH_PATHS = (
					"$(inherited)",
					"@executable_path/Frameworks",
				);
				MARKETING_VERSION = 1.0.0;
				PRODUCT_BUNDLE_IDENTIFIER = jeehge.com.JHTicket;
				PRODUCT_NAME = "$(TARGET_NAME)";
				SUPPORTED_PLATFORMS = "iphoneos iphonesimulator";
				SUPPORTS_MACCATALYST = NO;
				SUPPORTS_MAC_DESIGNED_FOR_IPHONE_IPAD = NO;
				SUPPORTS_XR_DESIGNED_FOR_IPHONE_IPAD = NO;
				SWIFT_VERSION = 5.0;
				TARGETED_DEVICE_FAMILY = 1;
			};
			name = Release;
		};
/* End XCBuildConfiguration section */

/* Begin XCConfigurationList section */
		E9DE22FB26DFCD6C00FB05D0 /* Build configuration list for PBXProject "JHTicket" */ = {
			isa = XCConfigurationList;
			buildConfigurations = (
				E9DE231526DFCD6E00FB05D0 /* Debug */,
				E9DE231626DFCD6E00FB05D0 /* Release */,
			);
			defaultConfigurationIsVisible = 0;
			defaultConfigurationName = Release;
		};
		E9DE231726DFCD6E00FB05D0 /* Build configuration list for PBXNativeTarget "JHTicket" */ = {
			isa = XCConfigurationList;
			buildConfigurations = (
				E9DE231826DFCD6E00FB05D0 /* Debug */,
				E9DE231926DFCD6E00FB05D0 /* Release */,
			);
			defaultConfigurationIsVisible = 0;
			defaultConfigurationName = Release;
		};
/* End XCConfigurationList section */

/* Begin XCRemoteSwiftPackageReference section */
		E9166B1B2BC96E9C00A06EFE /* XCRemoteSwiftPackageReference "SnapKit" */ = {
			isa = XCRemoteSwiftPackageReference;
			repositoryURL = "https://github.com/SnapKit/SnapKit";
			requirement = {
				kind = upToNextMajorVersion;
				minimumVersion = 5.7.1;
			};
		};
		E9166B202BC96EAB00A06EFE /* XCRemoteSwiftPackageReference "Then" */ = {
			isa = XCRemoteSwiftPackageReference;
			repositoryURL = "https://github.com/devxoul/Then";
			requirement = {
				kind = upToNextMajorVersion;
				minimumVersion = 3.0.0;
			};
		};
/* End XCRemoteSwiftPackageReference section */

/* Begin XCSwiftPackageProductDependency section */
		E9166B1C2BC96E9C00A06EFE /* SnapKit */ = {
			isa = XCSwiftPackageProductDependency;
			package = E9166B1B2BC96E9C00A06EFE /* XCRemoteSwiftPackageReference "SnapKit" */;
			productName = SnapKit;
		};
		E9166B1E2BC96E9C00A06EFE /* SnapKit-Dynamic */ = {
			isa = XCSwiftPackageProductDependency;
			package = E9166B1B2BC96E9C00A06EFE /* XCRemoteSwiftPackageReference "SnapKit" */;
			productName = "SnapKit-Dynamic";
		};
		E9166B212BC96EAB00A06EFE /* Then */ = {
			isa = XCSwiftPackageProductDependency;
			package = E9166B202BC96EAB00A06EFE /* XCRemoteSwiftPackageReference "Then" */;
			productName = Then;
		};
/* End XCSwiftPackageProductDependency section */

/* Begin XCVersionGroup section */
		E9DE230C26DFCD6C00FB05D0 /* JHTicket.xcdatamodeld */ = {
			isa = XCVersionGroup;
			children = (
				E9DE230D26DFCD6C00FB05D0 /* JHTicket.xcdatamodel */,
			);
			currentVersion = E9DE230D26DFCD6C00FB05D0 /* JHTicket.xcdatamodel */;
			path = JHTicket.xcdatamodeld;
			sourceTree = "<group>";
			versionGroupType = wrapper.xcdatamodel;
		};
/* End XCVersionGroup section */
	};
	rootObject = E9DE22F826DFCD6C00FB05D0 /* Project object */;
}
